
Microsoft Visual Studio Solution File, Format Version 11.00
# Visual Studio 2010
Project("{FAE04EC0-301F-11D3-BF4B-00C04F79EFBC}") = "Assembly-CSharp", "Assembly-CSharp.csproj", "{90C54920-4261-11DD-562F-FABB9A7D0484}"
EndProject
Project("{FAE04EC0-301F-11D3-BF4B-00C04F79EFBC}") = "Coffee.SoftMaskForUGUI", "Coffee.SoftMaskForUGUI.csproj", "{D30BAD21-70B6-C2B9-F298-F982D35D5830}"
EndProject
Project("{FAE04EC0-301F-11D3-BF4B-00C04F79EFBC}") = "Assembly-CSharp-Editor", "Assembly-CSharp-Editor.csproj", "{8F4A51BA-B816-A218-A8C9-8DEB8632A9EB}"
EndProject
Project("{FAE04EC0-301F-11D3-BF4B-00C04F79EFBC}") = "Coffee.SoftMaskForUGUI.Editor", "Coffee.SoftMaskForUGUI.Editor.csproj", "{01A054E6-1F04-437A-8009-B4D34967C1C5}"
EndProject
Global
	GlobalSection(SolutionConfigurationPlatforms) = preSolution
		Debug|Any CPU = Debug|Any CPU
		Release|Any CPU = Release|Any CPU
	EndGlobalSection
	GlobalSection(ProjectConfigurationPlatforms) = postSolution
		{90C54920-4261-11DD-562F-FABB9A7D0484}.Debug|Any CPU.ActiveCfg = Debug|Any CPU
		{90C54920-4261-11DD-562F-FABB9A7D0484}.Debug|Any CPU.Build.0 = Debug|Any CPU
		{90C54920-4261-11DD-562F-FABB9A7D0484}.Release|Any CPU.ActiveCfg = Release|Any CPU
		{90C54920-4261-11DD-562F-FABB9A7D0484}.Release|Any CPU.Build.0 = Release|Any CPU
		{D30BAD21-70B6-C2B9-F298-F982D35D5830}.Debug|Any CPU.ActiveCfg = Debug|Any CPU
		{D30BAD21-70B6-C2B9-F298-F982D35D5830}.Debug|Any CPU.Build.0 = Debug|Any CPU
		{D30BAD21-70B6-C2B9-F298-F982D35D5830}.Release|Any CPU.ActiveCfg = Release|Any CPU
		{D30BAD21-70B6-C2B9-F298-F982D35D5830}.Release|Any CPU.Build.0 = Release|Any CPU
		{8F4A51BA-B816-A218-A8C9-8DEB8632A9EB}.Debug|Any CPU.ActiveCfg = Debug|Any CPU
		{8F4A51BA-B816-A218-A8C9-8DEB8632A9EB}.Debug|Any CPU.Build.0 = Debug|Any CPU
		{8F4A51BA-B816-A218-A8C9-8DEB8632A9EB}.Release|Any CPU.ActiveCfg = Release|Any CPU
		{8F4A51BA-B816-A218-A8C9-8DEB8632A9EB}.Release|Any CPU.Build.0 = Release|Any CPU
		{01A054E6-1F04-437A-8009-B4D34967C1C5}.Debug|Any CPU.ActiveCfg = Debug|Any CPU
		{01A054E6-1F04-437A-8009-B4D34967C1C5}.Debug|Any CPU.Build.0 = Debug|Any CPU
		{01A054E6-1F04-437A-8009-B4D34967C1C5}.Release|Any CPU.ActiveCfg = Release|Any CPU
		{01A054E6-1F04-437A-8009-B4D34967C1C5}.Release|Any CPU.Build.0 = Release|Any CPU
	EndGlobalSection
	GlobalSection(SolutionProperties) = preSolution
		HideSolutionNode = FALSE
	EndGlobalSection
EndGlobal
